
Microsoft Visual Studio Solution File, Format Version 9.00
# Visual Studio 2005
Project("{8BC9CEB8-8B4A-11D0-8D11-00A0C91BC942}") = "gucefCOM", "..\..\gucefCOM\projects\MVC8\gucefCOM_MVC8.vcproj", "{B12E8002-8B8D-47CC-9015-463C31D8FEFE}"
	ProjectSection(ProjectDependencies) = postProject
		{B11FB695-0017-45B1-8FEE-29B64717BF24} = {B11FB695-0017-45B1-8FEE-29B64717BF24}
		{60FFC659-4AA2-402E-8D14-A05D7198FECF} = {60FFC659-4AA2-402E-8D14-A05D7198FECF}
		{9A84E805-2E4D-4C05-A0DF-493DBBA8BE12} = {9A84E805-2E4D-4C05-A0DF-493DBBA8BE12}
	EndProjectSection
EndProject
Project("{8BC9CEB8-8B4A-11D0-8D11-00A0C91BC942}") = "gucefCOM_TestApp", "..\..\gucefCOM_TestApp\projects\MVC8\gucefCOM_TestApp_MVC8.vcproj", "{6E9676AB-57FA-4951-9C15-420BE1A21D86}"
	ProjectSection(ProjectDependencies) = postProject
		{B11FB695-0017-45B1-8FEE-29B64717BF24} = {B11FB695-0017-45B1-8FEE-29B64717BF24}
		{60FFC659-4AA2-402E-8D14-A05D7198FECF} = {60FFC659-4AA2-402E-8D14-A05D7198FECF}
		{B12E8002-8B8D-47CC-9015-463C31D8FEFE} = {B12E8002-8B8D-47CC-9015-463C31D8FEFE}
	EndProjectSection
EndProject
Project("{8BC9CEB8-8B4A-11D0-8D11-00A0C91BC942}") = "gucefCOMCORE", "..\..\gucefCOMCORE\projects\MVC8\gucefCOMCORE_MVC8.vcproj", "{9A84E805-2E4D-4C05-A0DF-493DBBA8BE12}"
	ProjectSection(ProjectDependencies) = postProject
		{B11FB695-0017-45B1-8FEE-29B64717BF24} = {B11FB695-0017-45B1-8FEE-29B64717BF24}
		{60FFC659-4AA2-402E-8D14-A05D7198FECF} = {60FFC659-4AA2-402E-8D14-A05D7198FECF}
	EndProjectSection
EndProject
Project("{8BC9CEB8-8B4A-11D0-8D11-00A0C91BC942}") = "gucefCOMCORE_TestApp", "..\..\gucefCOMCORE_TestApp\projects\MVC8\gucefCOMCORE_TestApp_MVC8.vcproj", "{A15DE3E7-9002-4D46-AE61-66AC68C4288D}"
	ProjectSection(ProjectDependencies) = postProject
		{B11FB695-0017-45B1-8FEE-29B64717BF24} = {B11FB695-0017-45B1-8FEE-29B64717BF24}
		{60FFC659-4AA2-402E-8D14-A05D7198FECF} = {60FFC659-4AA2-402E-8D14-A05D7198FECF}
		{9A84E805-2E4D-4C05-A0DF-493DBBA8BE12} = {9A84E805-2E4D-4C05-A0DF-493DBBA8BE12}
	EndProjectSection
EndProject
Project("{8BC9CEB8-8B4A-11D0-8D11-00A0C91BC942}") = "gucefCORE", "..\..\gucefCORE\projects\MVC8\gucefCORE_MVC8.vcproj", "{60FFC659-4AA2-402E-8D14-A05D7198FECF}"
	ProjectSection(ProjectDependencies) = postProject
		{B11FB695-0017-45B1-8FEE-29B64717BF24} = {B11FB695-0017-45B1-8FEE-29B64717BF24}
	EndProjectSection
EndProject
Project("{8BC9CEB8-8B4A-11D0-8D11-00A0C91BC942}") = "gucefCORE_TestApp", "..\..\gucefCORE_TestApp\projects\MVC8\gucefCORE_TestApp_MVC8.vcproj", "{DF2483C8-E486-4B03-8A5F-88CBDE20A486}"
	ProjectSection(ProjectDependencies) = postProject
		{B11FB695-0017-45B1-8FEE-29B64717BF24} = {B11FB695-0017-45B1-8FEE-29B64717BF24}
		{60FFC659-4AA2-402E-8D14-A05D7198FECF} = {60FFC659-4AA2-402E-8D14-A05D7198FECF}
	EndProjectSection
EndProject
Project("{8BC9CEB8-8B4A-11D0-8D11-00A0C91BC942}") = "gucefIMAGE", "..\..\gucefIMAGE\projects\MVC8\gucefIMAGE_MVC8.vcproj", "{E9DF8BF0-E6C7-4725-864D-91397DC50BFA}"
	ProjectSection(ProjectDependencies) = postProject
		{B11FB695-0017-45B1-8FEE-29B64717BF24} = {B11FB695-0017-45B1-8FEE-29B64717BF24}
		{60FFC659-4AA2-402E-8D14-A05D7198FECF} = {60FFC659-4AA2-402E-8D14-A05D7198FECF}
	EndProjectSection
EndProject
Project("{8BC9CEB8-8B4A-11D0-8D11-00A0C91BC942}") = "gucefINPUT", "..\..\gucefINPUT\projects\MVC8\gucefINPUT_MVC8.vcproj", "{0664F429-30EE-4A2E-953C-40E14362D2C9}"
	ProjectSection(ProjectDependencies) = postProject
		{B11FB695-0017-45B1-8FEE-29B64717BF24} = {B11FB695-0017-45B1-8FEE-29B64717BF24}
		{60FFC659-4AA2-402E-8D14-A05D7198FECF} = {60FFC659-4AA2-402E-8D14-A05D7198FECF}
	EndProjectSection
EndProject
Project("{8BC9CEB8-8B4A-11D0-8D11-00A0C91BC942}") = "gucefMT", "..\..\gucefMT\projects\MVC8\gucefMT_MVC8.vcproj", "{B11FB695-0017-45B1-8FEE-29B64717BF24}"
EndProject
Project("{8BC9CEB8-8B4A-11D0-8D11-00A0C91BC942}") = "gucefPATCHER", "..\..\gucefPATCHER\projects\MVC8\gucefPATCHER_MVC8.vcproj", "{9E366264-2A1E-4418-A386-6DEC95A7B573}"
	ProjectSection(ProjectDependencies) = postProject
		{B11FB695-0017-45B1-8FEE-29B64717BF24} = {B11FB695-0017-45B1-8FEE-29B64717BF24}
		{60FFC659-4AA2-402E-8D14-A05D7198FECF} = {60FFC659-4AA2-402E-8D14-A05D7198FECF}
		{5A100D51-285D-4200-9361-C7EE326DBE5E} = {5A100D51-285D-4200-9361-C7EE326DBE5E}
		{9A84E805-2E4D-4C05-A0DF-493DBBA8BE12} = {9A84E805-2E4D-4C05-A0DF-493DBBA8BE12}
		{B12E8002-8B8D-47CC-9015-463C31D8FEFE} = {B12E8002-8B8D-47CC-9015-463C31D8FEFE}
	EndProjectSection
EndProject
Project("{8BC9CEB8-8B4A-11D0-8D11-00A0C91BC942}") = "gucefVFS", "..\..\gucefVFS\projects\MVC8\gucefVFS_MVC8.vcproj", "{5A100D51-285D-4200-9361-C7EE326DBE5E}"
	ProjectSection(ProjectDependencies) = postProject
		{B11FB695-0017-45B1-8FEE-29B64717BF24} = {B11FB695-0017-45B1-8FEE-29B64717BF24}
		{60FFC659-4AA2-402E-8D14-A05D7198FECF} = {60FFC659-4AA2-402E-8D14-A05D7198FECF}
	EndProjectSection
EndProject
Project("{8BC9CEB8-8B4A-11D0-8D11-00A0C91BC942}") = "inputdriverMSWINMSG", "..\..\gucefINPUT\plugins\inputdriverMSWINMSG\projects\MVC8\inputdriverMSWINMSG_MVC8.vcproj", "{800D00D2-1D03-431B-B7AA-BDD3BDCD304B}"
	ProjectSection(ProjectDependencies) = postProject
		{B11FB695-0017-45B1-8FEE-29B64717BF24} = {B11FB695-0017-45B1-8FEE-29B64717BF24}
		{60FFC659-4AA2-402E-8D14-A05D7198FECF} = {60FFC659-4AA2-402E-8D14-A05D7198FECF}
		{0664F429-30EE-4A2E-953C-40E14362D2C9} = {0664F429-30EE-4A2E-953C-40E14362D2C9}
	EndProjectSection
EndProject
Project("{8BC9CEB8-8B4A-11D0-8D11-00A0C91BC942}") = "inputdriverDIRECTINPUT8", "..\..\gucefINPUT\plugins\inputdriverDIRECTINPUT8\projects\MVC8\inputdriverDIRECTINPUT8_MVC8.vcproj", "{48F853BB-007F-455D-8C04-CCB5533EC30E}"
	ProjectSection(ProjectDependencies) = postProject
		{B11FB695-0017-45B1-8FEE-29B64717BF24} = {B11FB695-0017-45B1-8FEE-29B64717BF24}
		{60FFC659-4AA2-402E-8D14-A05D7198FECF} = {60FFC659-4AA2-402E-8D14-A05D7198FECF}
		{0664F429-30EE-4A2E-953C-40E14362D2C9} = {0664F429-30EE-4A2E-953C-40E14362D2C9}
	EndProjectSection
EndProject
Project("{8BC9CEB8-8B4A-11D0-8D11-00A0C91BC942}") = "dstorepluginPARSIFALXML", "..\..\gucefCORE\plugins\dstorepluginPARSIFALXML\projects\MVC8\dstorepluginPARSIFALXML_MVC8.vcproj", "{45D8596D-F50A-42AD-A381-FB90DBCD9F13}"
	ProjectSection(ProjectDependencies) = postProject
		{B11FB695-0017-45B1-8FEE-29B64717BF24} = {B11FB695-0017-45B1-8FEE-29B64717BF24}
		{60FFC659-4AA2-402E-8D14-A05D7198FECF} = {60FFC659-4AA2-402E-8D14-A05D7198FECF}
	EndProjectSection
EndProject
Project("{8BC9CEB8-8B4A-11D0-8D11-00A0C91BC942}") = "vfspluginDVP", "..\..\gucefVFS\plugins\vfspluginDVP\projects\MVC8\vfspluginDVP_MVC8.vcproj", "{5B212F5A-82D3-4D58-AE6A-BF93CC89F575}"
EndProject
Project("{8BC9CEB8-8B4A-11D0-8D11-00A0C91BC942}") = "vfspluginVP", "..\..\gucefVFS\plugins\vfspluginVP\projects\MVC8\vfspluginVP_MVC8.vcproj", "{7055E204-602A-42C3-9D55-CC68CF329FBA}"
EndProject
Project("{8BC9CEB8-8B4A-11D0-8D11-00A0C91BC942}") = "MFCPatcherGUI", "..\..\tools\PatcherGUI\MFCPatcherGUI\projects\MVC8\MFCPatcherGUI.vcproj", "{761AE90D-6B3F-4015-B440-AFB6E489CA1D}"
	ProjectSection(ProjectDependencies) = postProject
		{B11FB695-0017-45B1-8FEE-29B64717BF24} = {B11FB695-0017-45B1-8FEE-29B64717BF24}
		{9E366264-2A1E-4418-A386-6DEC95A7B573} = {9E366264-2A1E-4418-A386-6DEC95A7B573}
		{60FFC659-4AA2-402E-8D14-A05D7198FECF} = {60FFC659-4AA2-402E-8D14-A05D7198FECF}
		{5A100D51-285D-4200-9361-C7EE326DBE5E} = {5A100D51-285D-4200-9361-C7EE326DBE5E}
		{9A84E805-2E4D-4C05-A0DF-493DBBA8BE12} = {9A84E805-2E4D-4C05-A0DF-493DBBA8BE12}
		{B12E8002-8B8D-47CC-9015-463C31D8FEFE} = {B12E8002-8B8D-47CC-9015-463C31D8FEFE}
	EndProjectSection
EndProject
Project("{8BC9CEB8-8B4A-11D0-8D11-00A0C91BC942}") = "DVPPackTool", "..\..\tools\DVPPackTool\projects\MVC8\DVPPackTool.vcproj", "{EC92D299-1CF9-42E8-8B7A-4DABA71E2A1E}"
EndProject
Project("{8BC9CEB8-8B4A-11D0-8D11-00A0C91BC942}") = "gucefDRN", "..\..\gucefDRN\projects\MVC8\gucefDRN_MVC8.vcproj", "{EC85F48F-04B3-469A-882C-E5B07691716D}"
EndProject
Project("{8BC9CEB8-8B4A-11D0-8D11-00A0C91BC942}") = "imgpluginDEVIL", "..\..\gucefIMAGE\plugins\imgpluginDEVIL\projects\MVC8\imgpluginDEVIL.vcproj", "{85721DB2-43B6-495C-8F79-909287CB5FBB}"
EndProject
Project("{2150E333-8FDC-42A3-9474-1A3956D46DE8}") = "GUCEF", "GUCEF", "{D6B80EEA-94E9-4325-AA1A-12742E0419CE}"
EndProject
Project("{2150E333-8FDC-42A3-9474-1A3956D46DE8}") = "GUCEF Test Applications", "GUCEF Test Applications", "{AEC29205-7242-46C3-9AE3-40245481784E}"
EndProject
Project("{2150E333-8FDC-42A3-9474-1A3956D46DE8}") = "GUCEF plugins", "GUCEF plugins", "{7CD3C9BD-D6B3-4CE8-8A6D-851092A3980D}"
EndProject
Project("{2150E333-8FDC-42A3-9474-1A3956D46DE8}") = "Tools", "Tools", "{282B1EB7-B6FB-442E-BCA7-1D4168518418}"
EndProject
Project("{8BC9CEB8-8B4A-11D0-8D11-00A0C91BC942}") = "PatchSetGenerator", "..\..\tools\PatchSetGenerator\projects\MVC8\PatchSetGenerator.vcproj", "{8DDDCFE7-B446-4EA0-8D7C-5FBFF886E3AC}"
	ProjectSection(ProjectDependencies) = postProject
		{B11FB695-0017-45B1-8FEE-29B64717BF24} = {B11FB695-0017-45B1-8FEE-29B64717BF24}
		{45D8596D-F50A-42AD-A381-FB90DBCD9F13} = {45D8596D-F50A-42AD-A381-FB90DBCD9F13}
		{9E366264-2A1E-4418-A386-6DEC95A7B573} = {9E366264-2A1E-4418-A386-6DEC95A7B573}
		{60FFC659-4AA2-402E-8D14-A05D7198FECF} = {60FFC659-4AA2-402E-8D14-A05D7198FECF}
	EndProjectSection
EndProject
Project("{8BC9CEB8-8B4A-11D0-8D11-00A0C91BC942}") = "gucefVFS_TestApp", "..\..\gucefVFS_TestApp\projects\MVC8\gucefVFS_TestApp_MVC8.vcproj", "{6E7A8603-81AD-4F7F-82F2-15953F73A179}"
	ProjectSection(ProjectDependencies) = postProject
		{5A100D51-285D-4200-9361-C7EE326DBE5E} = {5A100D51-285D-4200-9361-C7EE326DBE5E}
		{60FFC659-4AA2-402E-8D14-A05D7198FECF} = {60FFC659-4AA2-402E-8D14-A05D7198FECF}
		{B11FB695-0017-45B1-8FEE-29B64717BF24} = {B11FB695-0017-45B1-8FEE-29B64717BF24}
	EndProjectSection
EndProject
Global
	GlobalSection(SolutionConfigurationPlatforms) = preSolution
		Debug ICONV using MultiTh RTL DLL|Win32 = Debug ICONV using MultiTh RTL DLL|Win32
		Debug|Win32 = Debug|Win32
		Release ICONV using MultiTh RTL DLL|Win32 = Release ICONV using MultiTh RTL DLL|Win32
		Release|Win32 = Release|Win32
	EndGlobalSection
	GlobalSection(ProjectConfigurationPlatforms) = postSolution
		{B12E8002-8B8D-47CC-9015-463C31D8FEFE}.Debug ICONV using MultiTh RTL DLL|Win32.ActiveCfg = Debug|Win32
		{B12E8002-8B8D-47CC-9015-463C31D8FEFE}.Debug ICONV using MultiTh RTL DLL|Win32.Build.0 = Debug|Win32
		{B12E8002-8B8D-47CC-9015-463C31D8FEFE}.Debug|Win32.ActiveCfg = Debug|Win32
		{B12E8002-8B8D-47CC-9015-463C31D8FEFE}.Debug|Win32.Build.0 = Debug|Win32
		{B12E8002-8B8D-47CC-9015-463C31D8FEFE}.Release ICONV using MultiTh RTL DLL|Win32.ActiveCfg = Release|Win32
		{B12E8002-8B8D-47CC-9015-463C31D8FEFE}.Release ICONV using MultiTh RTL DLL|Win32.Build.0 = Release|Win32
		{B12E8002-8B8D-47CC-9015-463C31D8FEFE}.Release|Win32.ActiveCfg = Release|Win32
		{B12E8002-8B8D-47CC-9015-463C31D8FEFE}.Release|Win32.Build.0 = Release|Win32
		{6E9676AB-57FA-4951-9C15-420BE1A21D86}.Debug ICONV using MultiTh RTL DLL|Win32.ActiveCfg = Debug|Win32
		{6E9676AB-57FA-4951-9C15-420BE1A21D86}.Debug ICONV using MultiTh RTL DLL|Win32.Build.0 = Debug|Win32
		{6E9676AB-57FA-4951-9C15-420BE1A21D86}.Debug|Win32.ActiveCfg = Debug|Win32
		{6E9676AB-57FA-4951-9C15-420BE1A21D86}.Debug|Win32.Build.0 = Debug|Win32
		{6E9676AB-57FA-4951-9C15-420BE1A21D86}.Release ICONV using MultiTh RTL DLL|Win32.ActiveCfg = Release|Win32
		{6E9676AB-57FA-4951-9C15-420BE1A21D86}.Release ICONV using MultiTh RTL DLL|Win32.Build.0 = Release|Win32
		{6E9676AB-57FA-4951-9C15-420BE1A21D86}.Release|Win32.ActiveCfg = Release|Win32
		{6E9676AB-57FA-4951-9C15-420BE1A21D86}.Release|Win32.Build.0 = Release|Win32
		{9A84E805-2E4D-4C05-A0DF-493DBBA8BE12}.Debug ICONV using MultiTh RTL DLL|Win32.ActiveCfg = Debug|Win32
		{9A84E805-2E4D-4C05-A0DF-493DBBA8BE12}.Debug ICONV using MultiTh RTL DLL|Win32.Build.0 = Debug|Win32
		{9A84E805-2E4D-4C05-A0DF-493DBBA8BE12}.Debug|Win32.ActiveCfg = Debug|Win32
		{9A84E805-2E4D-4C05-A0DF-493DBBA8BE12}.Debug|Win32.Build.0 = Debug|Win32
		{9A84E805-2E4D-4C05-A0DF-493DBBA8BE12}.Release ICONV using MultiTh RTL DLL|Win32.ActiveCfg = Release|Win32
		{9A84E805-2E4D-4C05-A0DF-493DBBA8BE12}.Release ICONV using MultiTh RTL DLL|Win32.Build.0 = Release|Win32
		{9A84E805-2E4D-4C05-A0DF-493DBBA8BE12}.Release|Win32.ActiveCfg = Release|Win32
		{9A84E805-2E4D-4C05-A0DF-493DBBA8BE12}.Release|Win32.Build.0 = Release|Win32
		{A15DE3E7-9002-4D46-AE61-66AC68C4288D}.Debug ICONV using MultiTh RTL DLL|Win32.ActiveCfg = Debug|Win32
		{A15DE3E7-9002-4D46-AE61-66AC68C4288D}.Debug ICONV using MultiTh RTL DLL|Win32.Build.0 = Debug|Win32
		{A15DE3E7-9002-4D46-AE61-66AC68C4288D}.Debug|Win32.ActiveCfg = Debug|Win32
		{A15DE3E7-9002-4D46-AE61-66AC68C4288D}.Debug|Win32.Build.0 = Debug|Win32
		{A15DE3E7-9002-4D46-AE61-66AC68C4288D}.Release ICONV using MultiTh RTL DLL|Win32.ActiveCfg = Release|Win32
		{A15DE3E7-9002-4D46-AE61-66AC68C4288D}.Release ICONV using MultiTh RTL DLL|Win32.Build.0 = Release|Win32
		{A15DE3E7-9002-4D46-AE61-66AC68C4288D}.Release|Win32.ActiveCfg = Release|Win32
		{A15DE3E7-9002-4D46-AE61-66AC68C4288D}.Release|Win32.Build.0 = Release|Win32
		{60FFC659-4AA2-402E-8D14-A05D7198FECF}.Debug ICONV using MultiTh RTL DLL|Win32.ActiveCfg = Debug|Win32
		{60FFC659-4AA2-402E-8D14-A05D7198FECF}.Debug ICONV using MultiTh RTL DLL|Win32.Build.0 = Debug|Win32
		{60FFC659-4AA2-402E-8D14-A05D7198FECF}.Debug|Win32.ActiveCfg = Debug|Win32
		{60FFC659-4AA2-402E-8D14-A05D7198FECF}.Debug|Win32.Build.0 = Debug|Win32
		{60FFC659-4AA2-402E-8D14-A05D7198FECF}.Release ICONV using MultiTh RTL DLL|Win32.ActiveCfg = Release|Win32
		{60FFC659-4AA2-402E-8D14-A05D7198FECF}.Release ICONV using MultiTh RTL DLL|Win32.Build.0 = Release|Win32
		{60FFC659-4AA2-402E-8D14-A05D7198FECF}.Release|Win32.ActiveCfg = Release|Win32
		{60FFC659-4AA2-402E-8D14-A05D7198FECF}.Release|Win32.Build.0 = Release|Win32
		{DF2483C8-E486-4B03-8A5F-88CBDE20A486}.Debug ICONV using MultiTh RTL DLL|Win32.ActiveCfg = Debug|Win32
		{DF2483C8-E486-4B03-8A5F-88CBDE20A486}.Debug ICONV using MultiTh RTL DLL|Win32.Build.0 = Debug|Win32
		{DF2483C8-E486-4B03-8A5F-88CBDE20A486}.Debug|Win32.ActiveCfg = Debug|Win32
		{DF2483C8-E486-4B03-8A5F-88CBDE20A486}.Debug|Win32.Build.0 = Debug|Win32
		{DF2483C8-E486-4B03-8A5F-88CBDE20A486}.Release ICONV using MultiTh RTL DLL|Win32.ActiveCfg = Release|Win32
		{DF2483C8-E486-4B03-8A5F-88CBDE20A486}.Release ICONV using MultiTh RTL DLL|Win32.Build.0 = Release|Win32
		{DF2483C8-E486-4B03-8A5F-88CBDE20A486}.Release|Win32.ActiveCfg = Release|Win32
		{DF2483C8-E486-4B03-8A5F-88CBDE20A486}.Release|Win32.Build.0 = Release|Win32
		{E9DF8BF0-E6C7-4725-864D-91397DC50BFA}.Debug ICONV using MultiTh RTL DLL|Win32.ActiveCfg = Debug|Win32
		{E9DF8BF0-E6C7-4725-864D-91397DC50BFA}.Debug ICONV using MultiTh RTL DLL|Win32.Build.0 = Debug|Win32
		{E9DF8BF0-E6C7-4725-864D-91397DC50BFA}.Debug|Win32.ActiveCfg = Debug|Win32
		{E9DF8BF0-E6C7-4725-864D-91397DC50BFA}.Debug|Win32.Build.0 = Debug|Win32
		{E9DF8BF0-E6C7-4725-864D-91397DC50BFA}.Release ICONV using MultiTh RTL DLL|Win32.ActiveCfg = Release|Win32
		{E9DF8BF0-E6C7-4725-864D-91397DC50BFA}.Release ICONV using MultiTh RTL DLL|Win32.Build.0 = Release|Win32
		{E9DF8BF0-E6C7-4725-864D-91397DC50BFA}.Release|Win32.ActiveCfg = Release|Win32
		{E9DF8BF0-E6C7-4725-864D-91397DC50BFA}.Release|Win32.Build.0 = Release|Win32
		{0664F429-30EE-4A2E-953C-40E14362D2C9}.Debug ICONV using MultiTh RTL DLL|Win32.ActiveCfg = Debug|Win32
		{0664F429-30EE-4A2E-953C-40E14362D2C9}.Debug ICONV using MultiTh RTL DLL|Win32.Build.0 = Debug|Win32
		{0664F429-30EE-4A2E-953C-40E14362D2C9}.Debug|Win32.ActiveCfg = Debug|Win32
		{0664F429-30EE-4A2E-953C-40E14362D2C9}.Debug|Win32.Build.0 = Debug|Win32
		{0664F429-30EE-4A2E-953C-40E14362D2C9}.Release ICONV using MultiTh RTL DLL|Win32.ActiveCfg = Release|Win32
		{0664F429-30EE-4A2E-953C-40E14362D2C9}.Release ICONV using MultiTh RTL DLL|Win32.Build.0 = Release|Win32
		{0664F429-30EE-4A2E-953C-40E14362D2C9}.Release|Win32.ActiveCfg = Release|Win32
		{0664F429-30EE-4A2E-953C-40E14362D2C9}.Release|Win32.Build.0 = Release|Win32
		{B11FB695-0017-45B1-8FEE-29B64717BF24}.Debug ICONV using MultiTh RTL DLL|Win32.ActiveCfg = Debug|Win32
		{B11FB695-0017-45B1-8FEE-29B64717BF24}.Debug ICONV using MultiTh RTL DLL|Win32.Build.0 = Debug|Win32
		{B11FB695-0017-45B1-8FEE-29B64717BF24}.Debug|Win32.ActiveCfg = Debug|Win32
		{B11FB695-0017-45B1-8FEE-29B64717BF24}.Debug|Win32.Build.0 = Debug|Win32
		{B11FB695-0017-45B1-8FEE-29B64717BF24}.Release ICONV using MultiTh RTL DLL|Win32.ActiveCfg = Release|Win32
		{B11FB695-0017-45B1-8FEE-29B64717BF24}.Release ICONV using MultiTh RTL DLL|Win32.Build.0 = Release|Win32
		{B11FB695-0017-45B1-8FEE-29B64717BF24}.Release|Win32.ActiveCfg = Release|Win32
		{B11FB695-0017-45B1-8FEE-29B64717BF24}.Release|Win32.Build.0 = Release|Win32
		{9E366264-2A1E-4418-A386-6DEC95A7B573}.Debug ICONV using MultiTh RTL DLL|Win32.ActiveCfg = Debug|Win32
		{9E366264-2A1E-4418-A386-6DEC95A7B573}.Debug ICONV using MultiTh RTL DLL|Win32.Build.0 = Debug|Win32
		{9E366264-2A1E-4418-A386-6DEC95A7B573}.Debug|Win32.ActiveCfg = Debug|Win32
		{9E366264-2A1E-4418-A386-6DEC95A7B573}.Debug|Win32.Build.0 = Debug|Win32
		{9E366264-2A1E-4418-A386-6DEC95A7B573}.Release ICONV using MultiTh RTL DLL|Win32.ActiveCfg = Release|Win32
		{9E366264-2A1E-4418-A386-6DEC95A7B573}.Release ICONV using MultiTh RTL DLL|Win32.Build.0 = Release|Win32
		{9E366264-2A1E-4418-A386-6DEC95A7B573}.Release|Win32.ActiveCfg = Release|Win32
		{9E366264-2A1E-4418-A386-6DEC95A7B573}.Release|Win32.Build.0 = Release|Win32
		{5A100D51-285D-4200-9361-C7EE326DBE5E}.Debug ICONV using MultiTh RTL DLL|Win32.ActiveCfg = Debug|Win32
		{5A100D51-285D-4200-9361-C7EE326DBE5E}.Debug ICONV using MultiTh RTL DLL|Win32.Build.0 = Debug|Win32
		{5A100D51-285D-4200-9361-C7EE326DBE5E}.Debug|Win32.ActiveCfg = Debug|Win32
		{5A100D51-285D-4200-9361-C7EE326DBE5E}.Debug|Win32.Build.0 = Debug|Win32
		{5A100D51-285D-4200-9361-C7EE326DBE5E}.Release ICONV using MultiTh RTL DLL|Win32.ActiveCfg = Release|Win32
		{5A100D51-285D-4200-9361-C7EE326DBE5E}.Release ICONV using MultiTh RTL DLL|Win32.Build.0 = Release|Win32
		{5A100D51-285D-4200-9361-C7EE326DBE5E}.Release|Win32.ActiveCfg = Release|Win32
		{5A100D51-285D-4200-9361-C7EE326DBE5E}.Release|Win32.Build.0 = Release|Win32
		{800D00D2-1D03-431B-B7AA-BDD3BDCD304B}.Debug ICONV using MultiTh RTL DLL|Win32.ActiveCfg = Debug|Win32
		{800D00D2-1D03-431B-B7AA-BDD3BDCD304B}.Debug ICONV using MultiTh RTL DLL|Win32.Build.0 = Debug|Win32
		{800D00D2-1D03-431B-B7AA-BDD3BDCD304B}.Debug|Win32.ActiveCfg = Debug|Win32
		{800D00D2-1D03-431B-B7AA-BDD3BDCD304B}.Debug|Win32.Build.0 = Debug|Win32
		{800D00D2-1D03-431B-B7AA-BDD3BDCD304B}.Release ICONV using MultiTh RTL DLL|Win32.ActiveCfg = Release|Win32
		{800D00D2-1D03-431B-B7AA-BDD3BDCD304B}.Release ICONV using MultiTh RTL DLL|Win32.Build.0 = Release|Win32
		{800D00D2-1D03-431B-B7AA-BDD3BDCD304B}.Release|Win32.ActiveCfg = Release|Win32
		{800D00D2-1D03-431B-B7AA-BDD3BDCD304B}.Release|Win32.Build.0 = Release|Win32
		{48F853BB-007F-455D-8C04-CCB5533EC30E}.Debug ICONV using MultiTh RTL DLL|Win32.ActiveCfg = Debug|Win32
		{48F853BB-007F-455D-8C04-CCB5533EC30E}.Debug ICONV using MultiTh RTL DLL|Win32.Build.0 = Debug|Win32
		{48F853BB-007F-455D-8C04-CCB5533EC30E}.Debug|Win32.ActiveCfg = Debug|Win32
		{48F853BB-007F-455D-8C04-CCB5533EC30E}.Debug|Win32.Build.0 = Debug|Win32
		{48F853BB-007F-455D-8C04-CCB5533EC30E}.Release ICONV using MultiTh RTL DLL|Win32.ActiveCfg = Release|Win32
		{48F853BB-007F-455D-8C04-CCB5533EC30E}.Release ICONV using MultiTh RTL DLL|Win32.Build.0 = Release|Win32
		{48F853BB-007F-455D-8C04-CCB5533EC30E}.Release|Win32.ActiveCfg = Release|Win32
		{48F853BB-007F-455D-8C04-CCB5533EC30E}.Release|Win32.Build.0 = Release|Win32
		{45D8596D-F50A-42AD-A381-FB90DBCD9F13}.Debug ICONV using MultiTh RTL DLL|Win32.ActiveCfg = Debug|Win32
		{45D8596D-F50A-42AD-A381-FB90DBCD9F13}.Debug ICONV using MultiTh RTL DLL|Win32.Build.0 = Debug|Win32
		{45D8596D-F50A-42AD-A381-FB90DBCD9F13}.Debug|Win32.ActiveCfg = Debug|Win32
		{45D8596D-F50A-42AD-A381-FB90DBCD9F13}.Debug|Win32.Build.0 = Debug|Win32
		{45D8596D-F50A-42AD-A381-FB90DBCD9F13}.Release ICONV using MultiTh RTL DLL|Win32.ActiveCfg = Release|Win32
		{45D8596D-F50A-42AD-A381-FB90DBCD9F13}.Release ICONV using MultiTh RTL DLL|Win32.Build.0 = Release|Win32
		{45D8596D-F50A-42AD-A381-FB90DBCD9F13}.Release|Win32.ActiveCfg = Release|Win32
		{45D8596D-F50A-42AD-A381-FB90DBCD9F13}.Release|Win32.Build.0 = Release|Win32
		{5B212F5A-82D3-4D58-AE6A-BF93CC89F575}.Debug ICONV using MultiTh RTL DLL|Win32.ActiveCfg = Debug|Win32
		{5B212F5A-82D3-4D58-AE6A-BF93CC89F575}.Debug ICONV using MultiTh RTL DLL|Win32.Build.0 = Debug|Win32
		{5B212F5A-82D3-4D58-AE6A-BF93CC89F575}.Debug|Win32.ActiveCfg = Debug|Win32
		{5B212F5A-82D3-4D58-AE6A-BF93CC89F575}.Debug|Win32.Build.0 = Debug|Win32
		{5B212F5A-82D3-4D58-AE6A-BF93CC89F575}.Release ICONV using MultiTh RTL DLL|Win32.ActiveCfg = Release|Win32
		{5B212F5A-82D3-4D58-AE6A-BF93CC89F575}.Release ICONV using MultiTh RTL DLL|Win32.Build.0 = Release|Win32
		{5B212F5A-82D3-4D58-AE6A-BF93CC89F575}.Release|Win32.ActiveCfg = Release|Win32
		{5B212F5A-82D3-4D58-AE6A-BF93CC89F575}.Release|Win32.Build.0 = Release|Win32
		{7055E204-602A-42C3-9D55-CC68CF329FBA}.Debug ICONV using MultiTh RTL DLL|Win32.ActiveCfg = Debug|Win32
		{7055E204-602A-42C3-9D55-CC68CF329FBA}.Debug ICONV using MultiTh RTL DLL|Win32.Build.0 = Debug|Win32
		{7055E204-602A-42C3-9D55-CC68CF329FBA}.Debug|Win32.ActiveCfg = Debug|Win32
		{7055E204-602A-42C3-9D55-CC68CF329FBA}.Debug|Win32.Build.0 = Debug|Win32
		{7055E204-602A-42C3-9D55-CC68CF329FBA}.Release ICONV using MultiTh RTL DLL|Win32.ActiveCfg = Release|Win32
		{7055E204-602A-42C3-9D55-CC68CF329FBA}.Release ICONV using MultiTh RTL DLL|Win32.Build.0 = Release|Win32
		{7055E204-602A-42C3-9D55-CC68CF329FBA}.Release|Win32.ActiveCfg = Release|Win32
		{7055E204-602A-42C3-9D55-CC68CF329FBA}.Release|Win32.Build.0 = Release|Win32
		{761AE90D-6B3F-4015-B440-AFB6E489CA1D}.Debug ICONV using MultiTh RTL DLL|Win32.ActiveCfg = Debug|Win32
		{761AE90D-6B3F-4015-B440-AFB6E489CA1D}.Debug ICONV using MultiTh RTL DLL|Win32.Build.0 = Debug|Win32
		{761AE90D-6B3F-4015-B440-AFB6E489CA1D}.Debug|Win32.ActiveCfg = Debug|Win32
		{761AE90D-6B3F-4015-B440-AFB6E489CA1D}.Debug|Win32.Build.0 = Debug|Win32
		{761AE90D-6B3F-4015-B440-AFB6E489CA1D}.Release ICONV using MultiTh RTL DLL|Win32.ActiveCfg = Release|Win32
		{761AE90D-6B3F-4015-B440-AFB6E489CA1D}.Release ICONV using MultiTh RTL DLL|Win32.Build.0 = Release|Win32
		{761AE90D-6B3F-4015-B440-AFB6E489CA1D}.Release|Win32.ActiveCfg = Release|Win32
		{761AE90D-6B3F-4015-B440-AFB6E489CA1D}.Release|Win32.Build.0 = Release|Win32
		{EC92D299-1CF9-42E8-8B7A-4DABA71E2A1E}.Debug ICONV using MultiTh RTL DLL|Win32.ActiveCfg = Debug|Win32
		{EC92D299-1CF9-42E8-8B7A-4DABA71E2A1E}.Debug ICONV using MultiTh RTL DLL|Win32.Build.0 = Debug|Win32
		{EC92D299-1CF9-42E8-8B7A-4DABA71E2A1E}.Debug|Win32.ActiveCfg = Debug|Win32
		{EC92D299-1CF9-42E8-8B7A-4DABA71E2A1E}.Debug|Win32.Build.0 = Debug|Win32
		{EC92D299-1CF9-42E8-8B7A-4DABA71E2A1E}.Release ICONV using MultiTh RTL DLL|Win32.ActiveCfg = Release|Win32
		{EC92D299-1CF9-42E8-8B7A-4DABA71E2A1E}.Release ICONV using MultiTh RTL DLL|Win32.Build.0 = Release|Win32
		{EC92D299-1CF9-42E8-8B7A-4DABA71E2A1E}.Release|Win32.ActiveCfg = Release|Win32
		{EC92D299-1CF9-42E8-8B7A-4DABA71E2A1E}.Release|Win32.Build.0 = Release|Win32
		{EC85F48F-04B3-469A-882C-E5B07691716D}.Debug ICONV using MultiTh RTL DLL|Win32.ActiveCfg = Debug|Win32
		{EC85F48F-04B3-469A-882C-E5B07691716D}.Debug ICONV using MultiTh RTL DLL|Win32.Build.0 = Debug|Win32
		{EC85F48F-04B3-469A-882C-E5B07691716D}.Debug|Win32.ActiveCfg = Debug|Win32
		{EC85F48F-04B3-469A-882C-E5B07691716D}.Debug|Win32.Build.0 = Debug|Win32
		{EC85F48F-04B3-469A-882C-E5B07691716D}.Release ICONV using MultiTh RTL DLL|Win32.ActiveCfg = Release|Win32
		{EC85F48F-04B3-469A-882C-E5B07691716D}.Release ICONV using MultiTh RTL DLL|Win32.Build.0 = Release|Win32
		{EC85F48F-04B3-469A-882C-E5B07691716D}.Release|Win32.ActiveCfg = Release|Win32
		{EC85F48F-04B3-469A-882C-E5B07691716D}.Release|Win32.Build.0 = Release|Win32
		{85721DB2-43B6-495C-8F79-909287CB5FBB}.Debug ICONV using MultiTh RTL DLL|Win32.ActiveCfg = Debug|Win32
		{85721DB2-43B6-495C-8F79-909287CB5FBB}.Debug ICONV using MultiTh RTL DLL|Win32.Build.0 = Debug|Win32
		{85721DB2-43B6-495C-8F79-909287CB5FBB}.Debug|Win32.ActiveCfg = Debug|Win32
		{85721DB2-43B6-495C-8F79-909287CB5FBB}.Debug|Win32.Build.0 = Debug|Win32
		{85721DB2-43B6-495C-8F79-909287CB5FBB}.Release ICONV using MultiTh RTL DLL|Win32.ActiveCfg = Release|Win32
		{85721DB2-43B6-495C-8F79-909287CB5FBB}.Release ICONV using MultiTh RTL DLL|Win32.Build.0 = Release|Win32
		{85721DB2-43B6-495C-8F79-909287CB5FBB}.Release|Win32.ActiveCfg = Release|Win32
		{85721DB2-43B6-495C-8F79-909287CB5FBB}.Release|Win32.Build.0 = Release|Win32
		{8DDDCFE7-B446-4EA0-8D7C-5FBFF886E3AC}.Debug ICONV using MultiTh RTL DLL|Win32.ActiveCfg = Debug|Win32
		{8DDDCFE7-B446-4EA0-8D7C-5FBFF886E3AC}.Debug ICONV using MultiTh RTL DLL|Win32.Build.0 = Debug|Win32
		{8DDDCFE7-B446-4EA0-8D7C-5FBFF886E3AC}.Debug|Win32.ActiveCfg = Debug|Win32
		{8DDDCFE7-B446-4EA0-8D7C-5FBFF886E3AC}.Debug|Win32.Build.0 = Debug|Win32
		{8DDDCFE7-B446-4EA0-8D7C-5FBFF886E3AC}.Release ICONV using MultiTh RTL DLL|Win32.ActiveCfg = Release|Win32
		{8DDDCFE7-B446-4EA0-8D7C-5FBFF886E3AC}.Release ICONV using MultiTh RTL DLL|Win32.Build.0 = Release|Win32
		{8DDDCFE7-B446-4EA0-8D7C-5FBFF886E3AC}.Release|Win32.ActiveCfg = Release|Win32
		{8DDDCFE7-B446-4EA0-8D7C-5FBFF886E3AC}.Release|Win32.Build.0 = Release|Win32
		{6E7A8603-81AD-4F7F-82F2-15953F73A179}.Debug ICONV using MultiTh RTL DLL|Win32.ActiveCfg = Debug|Win32
		{6E7A8603-81AD-4F7F-82F2-15953F73A179}.Debug ICONV using MultiTh RTL DLL|Win32.Build.0 = Debug|Win32
		{6E7A8603-81AD-4F7F-82F2-15953F73A179}.Debug|Win32.ActiveCfg = Debug|Win32
		{6E7A8603-81AD-4F7F-82F2-15953F73A179}.Debug|Win32.Build.0 = Debug|Win32
		{6E7A8603-81AD-4F7F-82F2-15953F73A179}.Release ICONV using MultiTh RTL DLL|Win32.ActiveCfg = Release|Win32
		{6E7A8603-81AD-4F7F-82F2-15953F73A179}.Release ICONV using MultiTh RTL DLL|Win32.Build.0 = Release|Win32
		{6E7A8603-81AD-4F7F-82F2-15953F73A179}.Release|Win32.ActiveCfg = Release|Win32
		{6E7A8603-81AD-4F7F-82F2-15953F73A179}.Release|Win32.Build.0 = Release|Win32
	EndGlobalSection
	GlobalSection(SolutionProperties) = preSolution
		HideSolutionNode = FALSE
	EndGlobalSection
	GlobalSection(NestedProjects) = preSolution
		{9A84E805-2E4D-4C05-A0DF-493DBBA8BE12} = {D6B80EEA-94E9-4325-AA1A-12742E0419CE}
		{60FFC659-4AA2-402E-8D14-A05D7198FECF} = {D6B80EEA-94E9-4325-AA1A-12742E0419CE}
		{E9DF8BF0-E6C7-4725-864D-91397DC50BFA} = {D6B80EEA-94E9-4325-AA1A-12742E0419CE}
		{0664F429-30EE-4A2E-953C-40E14362D2C9} = {D6B80EEA-94E9-4325-AA1A-12742E0419CE}
		{B11FB695-0017-45B1-8FEE-29B64717BF24} = {D6B80EEA-94E9-4325-AA1A-12742E0419CE}
		{9E366264-2A1E-4418-A386-6DEC95A7B573} = {D6B80EEA-94E9-4325-AA1A-12742E0419CE}
		{5A100D51-285D-4200-9361-C7EE326DBE5E} = {D6B80EEA-94E9-4325-AA1A-12742E0419CE}
		{EC85F48F-04B3-469A-882C-E5B07691716D} = {D6B80EEA-94E9-4325-AA1A-12742E0419CE}
		{B12E8002-8B8D-47CC-9015-463C31D8FEFE} = {D6B80EEA-94E9-4325-AA1A-12742E0419CE}
		{A15DE3E7-9002-4D46-AE61-66AC68C4288D} = {AEC29205-7242-46C3-9AE3-40245481784E}
		{DF2483C8-E486-4B03-8A5F-88CBDE20A486} = {AEC29205-7242-46C3-9AE3-40245481784E}
		{6E9676AB-57FA-4951-9C15-420BE1A21D86} = {AEC29205-7242-46C3-9AE3-40245481784E}
		{6E7A8603-81AD-4F7F-82F2-15953F73A179} = {AEC29205-7242-46C3-9AE3-40245481784E}
		{48F853BB-007F-455D-8C04-CCB5533EC30E} = {7CD3C9BD-D6B3-4CE8-8A6D-851092A3980D}
		{45D8596D-F50A-42AD-A381-FB90DBCD9F13} = {7CD3C9BD-D6B3-4CE8-8A6D-851092A3980D}
		{5B212F5A-82D3-4D58-AE6A-BF93CC89F575} = {7CD3C9BD-D6B3-4CE8-8A6D-851092A3980D}
		{7055E204-602A-42C3-9D55-CC68CF329FBA} = {7CD3C9BD-D6B3-4CE8-8A6D-851092A3980D}
		{85721DB2-43B6-495C-8F79-909287CB5FBB} = {7CD3C9BD-D6B3-4CE8-8A6D-851092A3980D}
		{800D00D2-1D03-431B-B7AA-BDD3BDCD304B} = {7CD3C9BD-D6B3-4CE8-8A6D-851092A3980D}
		{EC92D299-1CF9-42E8-8B7A-4DABA71E2A1E} = {282B1EB7-B6FB-442E-BCA7-1D4168518418}
		{761AE90D-6B3F-4015-B440-AFB6E489CA1D} = {282B1EB7-B6FB-442E-BCA7-1D4168518418}
		{8DDDCFE7-B446-4EA0-8D7C-5FBFF886E3AC} = {282B1EB7-B6FB-442E-BCA7-1D4168518418}
	EndGlobalSection
EndGlobal
