Microsoft Visual Studio Solution File, Format Version 8.00
Project("{8BC9CEB8-8B4A-11D0-8D11-00A0C91BC942}") = "gucefMT", "gucefMT_MVC7.1.vcproj", "{669C1680-C7E4-4AE1-A545-D57A585A0C0C}"
	ProjectSection(ProjectDependencies) = postProject
	EndProjectSection
EndProject
Global
	GlobalSection(SolutionConfiguration) = preSolution
		Debug = Debug
		Release = Release
	EndGlobalSection
	GlobalSection(ProjectConfiguration) = postSolution
		{669C1680-C7E4-4AE1-A545-D57A585A0C0C}.Debug.ActiveCfg = Debug|Win32
		{669C1680-C7E4-4AE1-A545-D57A585A0C0C}.Debug.Build.0 = Debug|Win32
		{669C1680-C7E4-4AE1-A545-D57A585A0C0C}.Release.ActiveCfg = Release|Win32
		{669C1680-C7E4-4AE1-A545-D57A585A0C0C}.Release.Build.0 = Release|Win32
	EndGlobalSection
	GlobalSection(ExtensibilityGlobals) = postSolution
	EndGlobalSection
	GlobalSection(ExtensibilityAddIns) = postSolution
	EndGlobalSection
EndGlobal
