Microsoft Visual Studio Solution File, Format Version 8.00
Project("{8BC9CEB8-8B4A-11D0-8D11-00A0C91BC942}") = "gucefCORE", "..\..\gucefCORE\projects\MVC7.1\gucefCORE_MVC7.1.vcproj", "{60FFC659-4AA2-402E-8D14-A05D7198FECF}"
	ProjectSection(ProjectDependencies) = postProject
		{669C1680-C7E4-4AE1-A545-D57A585A0C0C} = {669C1680-C7E4-4AE1-A545-D57A585A0C0C}
	EndProjectSection
EndProject
Project("{8BC9CEB8-8B4A-11D0-8D11-00A0C91BC942}") = "gucefMT", "..\..\gucefMT\projects\MVC7.1\gucefMT_MVC7.1.vcproj", "{669C1680-C7E4-4AE1-A545-D57A585A0C0C}"
	ProjectSection(ProjectDependencies) = postProject
	EndProjectSection
EndProject
Project("{8BC9CEB8-8B4A-11D0-8D11-00A0C91BC942}") = "gucefCORE_TestApp", "..\..\gucefCORE_TestApp\projects\MVC7.1\gucefCORE_TestApp_MVC7.vcproj", "{DF2483C8-E486-4B03-8A5F-88CBDE20A486}"
	ProjectSection(ProjectDependencies) = postProject
		{60FFC659-4AA2-402E-8D14-A05D7198FECF} = {60FFC659-4AA2-402E-8D14-A05D7198FECF}
	EndProjectSection
EndProject
Project("{8BC9CEB8-8B4A-11D0-8D11-00A0C91BC942}") = "gucefVFS_MVC7.1", "..\..\gucefVFS\projects\MVC7.1\gucefVFS_MVC7.1.vcproj", "{1DC23BC3-8891-4449-B328-5F7688E6BD07}"
	ProjectSection(ProjectDependencies) = postProject
		{60FFC659-4AA2-402E-8D14-A05D7198FECF} = {60FFC659-4AA2-402E-8D14-A05D7198FECF}
		{669C1680-C7E4-4AE1-A545-D57A585A0C0C} = {669C1680-C7E4-4AE1-A545-D57A585A0C0C}
	EndProjectSection
EndProject
Project("{8BC9CEB8-8B4A-11D0-8D11-00A0C91BC942}") = "gucefCOMCORE_MVC7.1", "..\..\gucefCOMCORE\projects\MVC7.1\gucefCOMCORE_MVC7.1.vcproj", "{C0CED680-B323-4A0B-A46D-21FAF1331DA9}"
	ProjectSection(ProjectDependencies) = postProject
		{60FFC659-4AA2-402E-8D14-A05D7198FECF} = {60FFC659-4AA2-402E-8D14-A05D7198FECF}
		{669C1680-C7E4-4AE1-A545-D57A585A0C0C} = {669C1680-C7E4-4AE1-A545-D57A585A0C0C}
	EndProjectSection
EndProject
Project("{8BC9CEB8-8B4A-11D0-8D11-00A0C91BC942}") = "gucefIMAGE", "..\..\gucefIMAGE\projects\MVC7.1\gucefIMAGE_MVC7.vcproj", "{E9DF8BF0-E6C7-4725-864D-91397DC50BFA}"
	ProjectSection(ProjectDependencies) = postProject
	EndProjectSection
EndProject
Project("{8BC9CEB8-8B4A-11D0-8D11-00A0C91BC942}") = "gucefINPUT", "..\..\gucefINPUT\projects\MVC7.1\gucefINPUT_MVC7.1.vcproj", "{0664F429-30EE-4A2E-953C-40E14362D2C9}"
	ProjectSection(ProjectDependencies) = postProject
		{60FFC659-4AA2-402E-8D14-A05D7198FECF} = {60FFC659-4AA2-402E-8D14-A05D7198FECF}
		{669C1680-C7E4-4AE1-A545-D57A585A0C0C} = {669C1680-C7E4-4AE1-A545-D57A585A0C0C}
	EndProjectSection
EndProject
Global
	GlobalSection(SolutionConfiguration) = preSolution
		Debug = Debug
		Release = Release
	EndGlobalSection
	GlobalSection(ProjectConfiguration) = postSolution
		{60FFC659-4AA2-402E-8D14-A05D7198FECF}.Debug.ActiveCfg = Debug|Win32
		{60FFC659-4AA2-402E-8D14-A05D7198FECF}.Debug.Build.0 = Debug|Win32
		{60FFC659-4AA2-402E-8D14-A05D7198FECF}.Release.ActiveCfg = Release|Win32
		{60FFC659-4AA2-402E-8D14-A05D7198FECF}.Release.Build.0 = Release|Win32
		{669C1680-C7E4-4AE1-A545-D57A585A0C0C}.Debug.ActiveCfg = Debug|Win32
		{669C1680-C7E4-4AE1-A545-D57A585A0C0C}.Debug.Build.0 = Debug|Win32
		{669C1680-C7E4-4AE1-A545-D57A585A0C0C}.Release.ActiveCfg = Release|Win32
		{669C1680-C7E4-4AE1-A545-D57A585A0C0C}.Release.Build.0 = Release|Win32
		{DF2483C8-E486-4B03-8A5F-88CBDE20A486}.Debug.ActiveCfg = Debug|Win32
		{DF2483C8-E486-4B03-8A5F-88CBDE20A486}.Debug.Build.0 = Debug|Win32
		{DF2483C8-E486-4B03-8A5F-88CBDE20A486}.Release.ActiveCfg = Release|Win32
		{DF2483C8-E486-4B03-8A5F-88CBDE20A486}.Release.Build.0 = Release|Win32
		{1DC23BC3-8891-4449-B328-5F7688E6BD07}.Debug.ActiveCfg = Debug|Win32
		{1DC23BC3-8891-4449-B328-5F7688E6BD07}.Debug.Build.0 = Debug|Win32
		{1DC23BC3-8891-4449-B328-5F7688E6BD07}.Release.ActiveCfg = Release|Win32
		{1DC23BC3-8891-4449-B328-5F7688E6BD07}.Release.Build.0 = Release|Win32
		{C0CED680-B323-4A0B-A46D-21FAF1331DA9}.Debug.ActiveCfg = Debug|Win32
		{C0CED680-B323-4A0B-A46D-21FAF1331DA9}.Debug.Build.0 = Debug|Win32
		{C0CED680-B323-4A0B-A46D-21FAF1331DA9}.Release.ActiveCfg = Release|Win32
		{C0CED680-B323-4A0B-A46D-21FAF1331DA9}.Release.Build.0 = Release|Win32
		{E9DF8BF0-E6C7-4725-864D-91397DC50BFA}.Debug.ActiveCfg = Debug|Win32
		{E9DF8BF0-E6C7-4725-864D-91397DC50BFA}.Debug.Build.0 = Debug|Win32
		{E9DF8BF0-E6C7-4725-864D-91397DC50BFA}.Release.ActiveCfg = Release|Win32
		{E9DF8BF0-E6C7-4725-864D-91397DC50BFA}.Release.Build.0 = Release|Win32
		{0664F429-30EE-4A2E-953C-40E14362D2C9}.Debug.ActiveCfg = Debug|Win32
		{0664F429-30EE-4A2E-953C-40E14362D2C9}.Debug.Build.0 = Debug|Win32
		{0664F429-30EE-4A2E-953C-40E14362D2C9}.Release.ActiveCfg = Release|Win32
		{0664F429-30EE-4A2E-953C-40E14362D2C9}.Release.Build.0 = Release|Win32
	EndGlobalSection
	GlobalSection(ExtensibilityGlobals) = postSolution
	EndGlobalSection
	GlobalSection(ExtensibilityAddIns) = postSolution
	EndGlobalSection
EndGlobal
