Microsoft Visual Studio Solution File, Format Version 8.00
Project("{8BC9CEB8-8B4A-11D0-8D11-00A0C91BC942}") = "gucefMT_MVC7.1", "../../gucefMT/projects/MVC7.1/gucefMT_MVC7.1.vcproj", "{65493F3B-9CAF-2B4C-A460-8207F327DF8A}"
	ProjectSection(ProjectDependencies) = postProject
	EndProjectSection
EndProject
Project("{8BC9CEB8-8B4A-11D0-8D11-00A0C91BC942}") = "gucefCORE_MVC7.1", "../../gucefCORE/projects/MVC7.1/gucefCORE_MVC7.1.vcproj", "{82DFC21A-E238-E245-B818-90E2A3D201B1}"
	ProjectSection(ProjectDependencies) = postProject
	EndProjectSection
EndProject
Project("{8BC9CEB8-8B4A-11D0-8D11-00A0C91BC942}") = "gucefCOMCORE_MVC7.1", "../../gucefCOMCORE/projects/MVC7.1/gucefCOMCORE_MVC7.1.vcproj", "{5F6B0218-B122-EB42-B26B-1B9612192BC1}"
	ProjectSection(ProjectDependencies) = postProject
	EndProjectSection
EndProject
Project("{8BC9CEB8-8B4A-11D0-8D11-00A0C91BC942}") = "gucefCOM_MVC7.1", "../../gucefCOM/projects/MVC7.1/gucefCOM_MVC7.1.vcproj", "{65D8142E-AAC9-B147-BE65-7AC5D62B14F7}"
	ProjectSection(ProjectDependencies) = postProject
	EndProjectSection
EndProject
Project("{8BC9CEB8-8B4A-11D0-8D11-00A0C91BC942}") = "gucefVFS_MVC7.1", "../../gucefVFS/projects/MVC7.1/gucefVFS_MVC7.1.vcproj", "{CB04AC48-9250-6B43-88D5-4D4382AC268C}"
	ProjectSection(ProjectDependencies) = postProject
	EndProjectSection
EndProject
Project("{8BC9CEB8-8B4A-11D0-8D11-00A0C91BC942}") = "gucefIMAGE_MVC7.1", "../../gucefIMAGE/projects/MVC7.1/gucefIMAGE_MVC7.1.vcproj", "{FB85CDA9-3CEB-5D44-99D4-3E211669AA6F}"
	ProjectSection(ProjectDependencies) = postProject
	EndProjectSection
EndProject
Project("{8BC9CEB8-8B4A-11D0-8D11-00A0C91BC942}") = "gucefINPUT_MVC7.1", "../../gucefINPUT/projects/MVC7.1/gucefINPUT_MVC7.1.vcproj", "{3AAD89BD-495E-C34F-8448-1C6860C7D178}"
	ProjectSection(ProjectDependencies) = postProject
	EndProjectSection
EndProject
Project("{8BC9CEB8-8B4A-11D0-8D11-00A0C91BC942}") = "gucefPATCHER_MVC7.1", "../../gucefPATCHER/projects/MVC7.1/gucefPATCHER_MVC7.1.vcproj", "{6A368497-34B1-D347-A3FF-76B417E71002}"
	ProjectSection(ProjectDependencies) = postProject
	EndProjectSection
EndProject
Global
	GlobalSection(SolutionConfiguration) = preSolution
		Debug = Debug
		Release = Release
	EndGlobalSection
	GlobalSection(ProjectConfiguration) = postSolution
		{65493F3B-9CAF-2B4C-A460-8207F327DF8A}.Debug.ActiveCfg = Debug|Win32
		{65493F3B-9CAF-2B4C-A460-8207F327DF8A}.Debug.Build.0 = Debug|Win32
		{65493F3B-9CAF-2B4C-A460-8207F327DF8A}.Release.ActiveCfg = Release|Win32
		{65493F3B-9CAF-2B4C-A460-8207F327DF8A}.Release.Build.0 = Release|Win32
		{82DFC21A-E238-E245-B818-90E2A3D201B1}.Debug.ActiveCfg = Debug|Win32
		{82DFC21A-E238-E245-B818-90E2A3D201B1}.Debug.Build.0 = Debug|Win32
		{82DFC21A-E238-E245-B818-90E2A3D201B1}.Release.ActiveCfg = Release|Win32
		{82DFC21A-E238-E245-B818-90E2A3D201B1}.Release.Build.0 = Release|Win32
		{5F6B0218-B122-EB42-B26B-1B9612192BC1}.Debug.ActiveCfg = Debug|Win32
		{5F6B0218-B122-EB42-B26B-1B9612192BC1}.Debug.Build.0 = Debug|Win32
		{5F6B0218-B122-EB42-B26B-1B9612192BC1}.Release.ActiveCfg = Release|Win32
		{5F6B0218-B122-EB42-B26B-1B9612192BC1}.Release.Build.0 = Release|Win32
		{65D8142E-AAC9-B147-BE65-7AC5D62B14F7}.Debug.ActiveCfg = Debug|Win32
		{65D8142E-AAC9-B147-BE65-7AC5D62B14F7}.Debug.Build.0 = Debug|Win32
		{65D8142E-AAC9-B147-BE65-7AC5D62B14F7}.Release.ActiveCfg = Release|Win32
		{65D8142E-AAC9-B147-BE65-7AC5D62B14F7}.Release.Build.0 = Release|Win32
		{CB04AC48-9250-6B43-88D5-4D4382AC268C}.Debug.ActiveCfg = Debug|Win32
		{CB04AC48-9250-6B43-88D5-4D4382AC268C}.Debug.Build.0 = Debug|Win32
		{CB04AC48-9250-6B43-88D5-4D4382AC268C}.Release.ActiveCfg = Release|Win32
		{CB04AC48-9250-6B43-88D5-4D4382AC268C}.Release.Build.0 = Release|Win32
		{FB85CDA9-3CEB-5D44-99D4-3E211669AA6F}.Debug.ActiveCfg = Debug|Win32
		{FB85CDA9-3CEB-5D44-99D4-3E211669AA6F}.Debug.Build.0 = Debug|Win32
		{FB85CDA9-3CEB-5D44-99D4-3E211669AA6F}.Release.ActiveCfg = Release|Win32
		{FB85CDA9-3CEB-5D44-99D4-3E211669AA6F}.Release.Build.0 = Release|Win32
		{3AAD89BD-495E-C34F-8448-1C6860C7D178}.Debug.ActiveCfg = Debug|Win32
		{3AAD89BD-495E-C34F-8448-1C6860C7D178}.Debug.Build.0 = Debug|Win32
		{3AAD89BD-495E-C34F-8448-1C6860C7D178}.Release.ActiveCfg = Release|Win32
		{3AAD89BD-495E-C34F-8448-1C6860C7D178}.Release.Build.0 = Release|Win32
		{6A368497-34B1-D347-A3FF-76B417E71002}.Debug.ActiveCfg = Debug|Win32
		{6A368497-34B1-D347-A3FF-76B417E71002}.Debug.Build.0 = Debug|Win32
		{6A368497-34B1-D347-A3FF-76B417E71002}.Release.ActiveCfg = Release|Win32
		{6A368497-34B1-D347-A3FF-76B417E71002}.Release.Build.0 = Release|Win32
	EndGlobalSection
	GlobalSection(ExtensibilityGlobals) = postSolution
	EndGlobalSection
	GlobalSection(ExtensibilityAddIns) = postSolution
	EndGlobalSection
EndGlobal
