<?xml version="1.0" encoding="utf-8"?>
<Project ToolsVersion="4.0" xmlns="http://schemas.microsoft.com/developer/msbuild/2003">
  <ItemGroup>
    <Filter Include="API">
      <UniqueIdentifier>{687e8ba7-b823-41ae-a9ff-3bbcde8ec00e}</UniqueIdentifier>
    </Filter>
    <Filter Include="API\win32">
      <UniqueIdentifier>{0c232335-52c1-49c0-9e4a-7a11fd1947e4}</UniqueIdentifier>
    </Filter>
    <Filter Include="API\macosx">
      <UniqueIdentifier>{c2ce860a-40e3-4979-a0d0-c8e3f9fb051b}</UniqueIdentifier>
    </Filter>
    <Filter Include="API\x11">
      <UniqueIdentifier>{2a525759-4d85-4b29-8539-a2a006d836c3}</UniqueIdentifier>
    </Filter>
    <Filter Include="OpenGL">
      <UniqueIdentifier>{2bbfa2e7-cffd-4d13-9ee1-2b6e97fb1dc5}</UniqueIdentifier>
    </Filter>
    <Filter Include="Input">
      <UniqueIdentifier>{9c849471-b401-43b1-ba09-7d360f2ef600}</UniqueIdentifier>
    </Filter>
    <Filter Include="Input\win32">
      <UniqueIdentifier>{89840092-9d9d-41ac-b632-1038fbf46e2d}</UniqueIdentifier>
    </Filter>
    <Filter Include="Input\x11">
      <UniqueIdentifier>{dd2f45f9-75d8-4883-ab60-de6b12c483fd}</UniqueIdentifier>
    </Filter>
    <Filter Include="Input\macosx">
      <UniqueIdentifier>{789b50be-d492-40c4-b848-31e70bd75c85}</UniqueIdentifier>
    </Filter>
    <Filter Include="System">
      <UniqueIdentifier>{812d55eb-5e63-4cd2-85e4-64fbe8d528ed}</UniqueIdentifier>
    </Filter>
    <Filter Include="File">
      <UniqueIdentifier>{6166084f-ef94-488c-af10-aa4560cae07c}</UniqueIdentifier>
    </Filter>
  </ItemGroup>
  <ItemGroup>
    <ClCompile Include="src\Shell.cpp">
      <Filter>API</Filter>
    </ClCompile>
    <ClCompile Include="src\win32\ShellWin32.cpp">
      <Filter>API\win32</Filter>
    </ClCompile>
    <ClCompile Include="src\macosx\ShellMacOSX.cpp">
      <Filter>API\macosx</Filter>
    </ClCompile>
    <ClCompile Include="src\x11\ShellX11.cpp">
      <Filter>API\x11</Filter>
    </ClCompile>
    <ClCompile Include="src\ShellRenderInterfaceOpenGL.cpp">
      <Filter>OpenGL</Filter>
    </ClCompile>
    <ClCompile Include="src\Input.cpp">
      <Filter>Input</Filter>
    </ClCompile>
    <ClCompile Include="src\win32\InputWin32.cpp">
      <Filter>Input\win32</Filter>
    </ClCompile>
    <ClCompile Include="src\x11\InputX11.cpp">
      <Filter>Input\x11</Filter>
    </ClCompile>
    <ClCompile Include="src\ShellSystemInterface.cpp">
      <Filter>System</Filter>
    </ClCompile>
    <ClCompile Include="src\ShellFileInterface.cpp">
      <Filter>File</Filter>
    </ClCompile>
  </ItemGroup>
  <ItemGroup>
    <ClInclude Include="include\Shell.h">
      <Filter>API</Filter>
    </ClInclude>
    <ClInclude Include="include\ShellOpenGL.h">
      <Filter>API</Filter>
    </ClInclude>
    <ClInclude Include="include\ShellRenderInterfaceOpenGL.h">
      <Filter>OpenGL</Filter>
    </ClInclude>
    <ClInclude Include="include\Input.h">
      <Filter>Input</Filter>
    </ClInclude>
    <ClInclude Include="include\win32\InputWin32.h">
      <Filter>Input\win32</Filter>
    </ClInclude>
    <ClInclude Include="include\ShellSystemInterface.h">
      <Filter>System</Filter>
    </ClInclude>
    <ClInclude Include="include\ShellFileInterface.h">
      <Filter>File</Filter>
    </ClInclude>
  </ItemGroup>
</Project>