
Microsoft Visual Studio Solution File, Format Version 9.00
# Visual Studio 2005
Project("{8BC9CEB8-8B4A-11D0-8D11-00A0C91BC942}") = "gucefCORElib", "gucefCORElib_MVC8.vcproj", "{DFA094E2-779D-41B7-BBD2-909FB725E9D9}"
EndProject
Project("{8BC9CEB8-8B4A-11D0-8D11-00A0C91BC942}") = "gucefMTlib", "..\..\..\gucefMT\projects\MVC8\gucefMTlib_MVC8.vcproj", "{67802AA4-2C6D-4A27-AB9F-DB6348EB006F}"
EndProject
Global
	GlobalSection(SolutionConfigurationPlatforms) = preSolution
		Debug|Win32 = Debug|Win32
		Release|Win32 = Release|Win32
	EndGlobalSection
	GlobalSection(ProjectConfigurationPlatforms) = postSolution
		{DFA094E2-779D-41B7-BBD2-909FB725E9D9}.Debug|Win32.ActiveCfg = Debug|Win32
		{DFA094E2-779D-41B7-BBD2-909FB725E9D9}.Debug|Win32.Build.0 = Debug|Win32
		{DFA094E2-779D-41B7-BBD2-909FB725E9D9}.Release|Win32.ActiveCfg = Release|Win32
		{DFA094E2-779D-41B7-BBD2-909FB725E9D9}.Release|Win32.Build.0 = Release|Win32
		{67802AA4-2C6D-4A27-AB9F-DB6348EB006F}.Debug|Win32.ActiveCfg = Debug|Win32
		{67802AA4-2C6D-4A27-AB9F-DB6348EB006F}.Debug|Win32.Build.0 = Debug|Win32
		{67802AA4-2C6D-4A27-AB9F-DB6348EB006F}.Release|Win32.ActiveCfg = Release|Win32
		{67802AA4-2C6D-4A27-AB9F-DB6348EB006F}.Release|Win32.Build.0 = Release|Win32
	EndGlobalSection
	GlobalSection(SolutionProperties) = preSolution
		HideSolutionNode = FALSE
	EndGlobalSection
EndGlobal
